
Microsoft Visual Studio Solution File, Format Version 12.00
# Visual Studio Version 16
VisualStudioVersion = 16.0.30320.27
MinimumVisualStudioVersion = 10.0.40219.1
Project("{9A19103F-16F7-4668-BE54-9A1E7A4F7556}") = "IdentityService.API", "IdentityService.API\IdentityService.API.csproj", "{63FB6230-FCA6-42C2-9415-A0248C9D05C6}"
EndProject
Project("{9A19103F-16F7-4668-BE54-9A1E7A4F7556}") = "IdentityService.Business", "IdentityService.Business\IdentityService.Business.csproj", "{64121B48-8218-4654-B56F-F6A106CD0065}"
EndProject
Project("{9A19103F-16F7-4668-BE54-9A1E7A4F7556}") = "IdentityService.Domain", "IdentityService.Domain\IdentityService.Domain.csproj", "{C51EF7E7-922B-40B7-BE5F-980EB8C40F50}"
EndProject
Project("{9A19103F-16F7-4668-BE54-9A1E7A4F7556}") = "IdentityService.Persistence", "IdentityService.Persistence\IdentityService.Persistence.csproj", "{CF30A327-EAF9-4DFB-8986-62CDB65195A8}"
EndProject
Project("{9A19103F-16F7-4668-BE54-9A1E7A4F7556}") = "Common", "..\..\Shared\Common\Common.csproj", "{1E7B26B7-C3A3-4E9B-B1B7-A86CC79DDCF4}"
EndProject
Global
	GlobalSection(SolutionConfigurationPlatforms) = preSolution
		Debug|Any CPU = Debug|Any CPU
		Release|Any CPU = Release|Any CPU
	EndGlobalSection
	GlobalSection(ProjectConfigurationPlatforms) = postSolution
		{63FB6230-FCA6-42C2-9415-A0248C9D05C6}.Debug|Any CPU.ActiveCfg = Debug|Any CPU
		{63FB6230-FCA6-42C2-9415-A0248C9D05C6}.Debug|Any CPU.Build.0 = Debug|Any CPU
		{63FB6230-FCA6-42C2-9415-A0248C9D05C6}.Release|Any CPU.ActiveCfg = Release|Any CPU
		{63FB6230-FCA6-42C2-9415-A0248C9D05C6}.Release|Any CPU.Build.0 = Release|Any CPU
		{64121B48-8218-4654-B56F-F6A106CD0065}.Debug|Any CPU.ActiveCfg = Debug|Any CPU
		{64121B48-8218-4654-B56F-F6A106CD0065}.Debug|Any CPU.Build.0 = Debug|Any CPU
		{64121B48-8218-4654-B56F-F6A106CD0065}.Release|Any CPU.ActiveCfg = Release|Any CPU
		{64121B48-8218-4654-B56F-F6A106CD0065}.Release|Any CPU.Build.0 = Release|Any CPU
		{C51EF7E7-922B-40B7-BE5F-980EB8C40F50}.Debug|Any CPU.ActiveCfg = Debug|Any CPU
		{C51EF7E7-922B-40B7-BE5F-980EB8C40F50}.Debug|Any CPU.Build.0 = Debug|Any CPU
		{C51EF7E7-922B-40B7-BE5F-980EB8C40F50}.Release|Any CPU.ActiveCfg = Release|Any CPU
		{C51EF7E7-922B-40B7-BE5F-980EB8C40F50}.Release|Any CPU.Build.0 = Release|Any CPU
		{CF30A327-EAF9-4DFB-8986-62CDB65195A8}.Debug|Any CPU.ActiveCfg = Debug|Any CPU
		{CF30A327-EAF9-4DFB-8986-62CDB65195A8}.Debug|Any CPU.Build.0 = Debug|Any CPU
		{CF30A327-EAF9-4DFB-8986-62CDB65195A8}.Release|Any CPU.ActiveCfg = Release|Any CPU
		{CF30A327-EAF9-4DFB-8986-62CDB65195A8}.Release|Any CPU.Build.0 = Release|Any CPU
		{1E7B26B7-C3A3-4E9B-B1B7-A86CC79DDCF4}.Debug|Any CPU.ActiveCfg = Debug|Any CPU
		{1E7B26B7-C3A3-4E9B-B1B7-A86CC79DDCF4}.Debug|Any CPU.Build.0 = Debug|Any CPU
		{1E7B26B7-C3A3-4E9B-B1B7-A86CC79DDCF4}.Release|Any CPU.ActiveCfg = Release|Any CPU
		{1E7B26B7-C3A3-4E9B-B1B7-A86CC79DDCF4}.Release|Any CPU.Build.0 = Release|Any CPU
	EndGlobalSection
	GlobalSection(SolutionProperties) = preSolution
		HideSolutionNode = FALSE
	EndGlobalSection
	GlobalSection(ExtensibilityGlobals) = postSolution
		SolutionGuid = {4A1F1268-D427-47AA-AC57-F0DD14464248}
	EndGlobalSection
EndGlobal
