
Microsoft Visual Studio Solution File, Format Version 12.00
# Visual Studio Version 16
VisualStudioVersion = 16.0.30011.22
MinimumVisualStudioVersion = 10.0.40219.1
Project("{9A19103F-16F7-4668-BE54-9A1E7A4F7556}") = "Common", "..\..\Shared\Common\Common.csproj", "{AF6DF91E-7966-4E55-8D19-3123A5FA535E}"
EndProject
Project("{9A19103F-16F7-4668-BE54-9A1E7A4F7556}") = "MenuService.API", "MenuService.API\MenuService.API.csproj", "{39578263-B51F-4990-BE6D-A817635CD3FA}"
EndProject
Project("{9A19103F-16F7-4668-BE54-9A1E7A4F7556}") = "MenuService.Business", "MenuService.Business\MenuService.Business.csproj", "{D342D380-6CAF-4ACA-AD22-C72F2DCCB42B}"
EndProject
Project("{9A19103F-16F7-4668-BE54-9A1E7A4F7556}") = "MenuService.Domain", "MenuService.Domain\MenuService.Domain.csproj", "{3D740AC1-0425-404D-A374-662420600EE4}"
EndProject
Project("{9A19103F-16F7-4668-BE54-9A1E7A4F7556}") = "MenuService.Persistence", "MenuService.Persistence\MenuService.Persistence.csproj", "{12F927ED-B938-4A43-BB97-D5BBB1285F9E}"
EndProject
Global
	GlobalSection(SolutionConfigurationPlatforms) = preSolution
		Debug|Any CPU = Debug|Any CPU
		Release|Any CPU = Release|Any CPU
	EndGlobalSection
	GlobalSection(ProjectConfigurationPlatforms) = postSolution
		{AF6DF91E-7966-4E55-8D19-3123A5FA535E}.Debug|Any CPU.ActiveCfg = Debug|Any CPU
		{AF6DF91E-7966-4E55-8D19-3123A5FA535E}.Debug|Any CPU.Build.0 = Debug|Any CPU
		{AF6DF91E-7966-4E55-8D19-3123A5FA535E}.Release|Any CPU.ActiveCfg = Release|Any CPU
		{AF6DF91E-7966-4E55-8D19-3123A5FA535E}.Release|Any CPU.Build.0 = Release|Any CPU
		{39578263-B51F-4990-BE6D-A817635CD3FA}.Debug|Any CPU.ActiveCfg = Debug|Any CPU
		{39578263-B51F-4990-BE6D-A817635CD3FA}.Debug|Any CPU.Build.0 = Debug|Any CPU
		{39578263-B51F-4990-BE6D-A817635CD3FA}.Release|Any CPU.ActiveCfg = Release|Any CPU
		{39578263-B51F-4990-BE6D-A817635CD3FA}.Release|Any CPU.Build.0 = Release|Any CPU
		{D342D380-6CAF-4ACA-AD22-C72F2DCCB42B}.Debug|Any CPU.ActiveCfg = Debug|Any CPU
		{D342D380-6CAF-4ACA-AD22-C72F2DCCB42B}.Debug|Any CPU.Build.0 = Debug|Any CPU
		{D342D380-6CAF-4ACA-AD22-C72F2DCCB42B}.Release|Any CPU.ActiveCfg = Release|Any CPU
		{D342D380-6CAF-4ACA-AD22-C72F2DCCB42B}.Release|Any CPU.Build.0 = Release|Any CPU
		{3D740AC1-0425-404D-A374-662420600EE4}.Debug|Any CPU.ActiveCfg = Debug|Any CPU
		{3D740AC1-0425-404D-A374-662420600EE4}.Debug|Any CPU.Build.0 = Debug|Any CPU
		{3D740AC1-0425-404D-A374-662420600EE4}.Release|Any CPU.ActiveCfg = Release|Any CPU
		{3D740AC1-0425-404D-A374-662420600EE4}.Release|Any CPU.Build.0 = Release|Any CPU
		{12F927ED-B938-4A43-BB97-D5BBB1285F9E}.Debug|Any CPU.ActiveCfg = Debug|Any CPU
		{12F927ED-B938-4A43-BB97-D5BBB1285F9E}.Debug|Any CPU.Build.0 = Debug|Any CPU
		{12F927ED-B938-4A43-BB97-D5BBB1285F9E}.Release|Any CPU.ActiveCfg = Release|Any CPU
		{12F927ED-B938-4A43-BB97-D5BBB1285F9E}.Release|Any CPU.Build.0 = Release|Any CPU
	EndGlobalSection
	GlobalSection(SolutionProperties) = preSolution
		HideSolutionNode = FALSE
	EndGlobalSection
	GlobalSection(ExtensibilityGlobals) = postSolution
		SolutionGuid = {5C0A411E-A789-44DF-8633-1C487184DFB8}
	EndGlobalSection
EndGlobal
