
Microsoft Visual Studio Solution File, Format Version 12.00
# Visual Studio Version 16
VisualStudioVersion = 16.0.30011.22
MinimumVisualStudioVersion = 10.0.40219.1
Project("{2150E333-8FDC-42A3-9474-1A3956D46DE8}") = "Services", "Services", "{0CEB9448-6DA7-4CF1-BA4C-D0BB9414E0D7}"
EndProject
Project("{2150E333-8FDC-42A3-9474-1A3956D46DE8}") = "IdentityService", "IdentityService", "{25DBC1C5-CC4D-44F1-B69B-AEA89DD77CEB}"
EndProject
Project("{9A19103F-16F7-4668-BE54-9A1E7A4F7556}") = "IdentityService.API", "Services\IdentityService\IdentityService.API\IdentityService.API.csproj", "{1B3145BD-6DD9-401A-AB9D-B7AD359ABA18}"
EndProject
Project("{9A19103F-16F7-4668-BE54-9A1E7A4F7556}") = "IdentityService.Business", "Services\IdentityService\IdentityService.Business\IdentityService.Business.csproj", "{5F337549-3910-4BC6-B989-023720FE7993}"
EndProject
Project("{9A19103F-16F7-4668-BE54-9A1E7A4F7556}") = "IdentityService.Domain", "Services\IdentityService\IdentityService.Domain\IdentityService.Domain.csproj", "{3C0351DC-74F1-40C6-995E-D08B19AAD683}"
EndProject
Project("{9A19103F-16F7-4668-BE54-9A1E7A4F7556}") = "IdentityService.Persistence", "Services\IdentityService\IdentityService.Persistence\IdentityService.Persistence.csproj", "{C310C70D-A749-45C6-962A-02599CFD5DEE}"
EndProject
Project("{2150E333-8FDC-42A3-9474-1A3956D46DE8}") = "Libraries", "Libraries", "{69C6F81C-9366-49CF-8B35-34FA14FCC095}"
EndProject
Project("{9A19103F-16F7-4668-BE54-9A1E7A4F7556}") = "Library.Communication", "Libraries\Library.Communication\Library.Communication.csproj", "{5531FC94-5728-44D2-9487-9CECE0D9F59B}"
EndProject
Project("{2150E333-8FDC-42A3-9474-1A3956D46DE8}") = "Shared", "Shared", "{BC34705D-B604-45A7-8FEC-B9A483F6255F}"
EndProject
Project("{9A19103F-16F7-4668-BE54-9A1E7A4F7556}") = "Common", "Shared\Common\Common.csproj", "{BE37E54A-B43A-4601-BB52-E1EBDAA640BA}"
EndProject
Project("{2150E333-8FDC-42A3-9474-1A3956D46DE8}") = "ItemService", "ItemService", "{A2BF3C74-6712-41BF-8D86-AD45E4CBECA4}"
EndProject
Project("{2150E333-8FDC-42A3-9474-1A3956D46DE8}") = "MenuService", "MenuService", "{D3E157B0-0B56-4CF9-A085-A0B67E9E25A5}"
EndProject
Project("{2150E333-8FDC-42A3-9474-1A3956D46DE8}") = "OrderService", "OrderService", "{DB1C2797-9798-46A4-A9ED-C66FC4C3F546}"
EndProject
Project("{2150E333-8FDC-42A3-9474-1A3956D46DE8}") = "BasketService", "BasketService", "{9E47FC40-C1F6-41B3-9B1F-504EA71E94EC}"
EndProject
Project("{2150E333-8FDC-42A3-9474-1A3956D46DE8}") = "TableService", "TableService", "{44693CC7-EA49-48B7-86EF-E70643A3CB18}"
EndProject
Project("{9A19103F-16F7-4668-BE54-9A1E7A4F7556}") = "ItemService.API", "Services\ItemService\ItemService.API\ItemService.API.csproj", "{D163ECC3-AB87-490F-8F7F-8B955C0051AC}"
EndProject
Project("{9A19103F-16F7-4668-BE54-9A1E7A4F7556}") = "ItemService.Business", "Services\ItemService\ItemService.Business\ItemService.Business.csproj", "{E1A6A853-775C-4E94-A295-2A1912FF23C9}"
EndProject
Project("{9A19103F-16F7-4668-BE54-9A1E7A4F7556}") = "ItemService.Domain", "Services\ItemService\ItemService.Domain\ItemService.Domain.csproj", "{30966A0D-4AE9-4EC3-B0A5-0B51ABB05324}"
EndProject
Project("{9A19103F-16F7-4668-BE54-9A1E7A4F7556}") = "ItemService.Persistence", "Services\ItemService\ItemService.Persistence\ItemService.Persistence.csproj", "{F9660C37-8799-47DD-B268-259866098EC2}"
EndProject
Global
	GlobalSection(SolutionConfigurationPlatforms) = preSolution
		Debug|Any CPU = Debug|Any CPU
		Release|Any CPU = Release|Any CPU
	EndGlobalSection
	GlobalSection(ProjectConfigurationPlatforms) = postSolution
		{1B3145BD-6DD9-401A-AB9D-B7AD359ABA18}.Debug|Any CPU.ActiveCfg = Debug|Any CPU
		{1B3145BD-6DD9-401A-AB9D-B7AD359ABA18}.Debug|Any CPU.Build.0 = Debug|Any CPU
		{1B3145BD-6DD9-401A-AB9D-B7AD359ABA18}.Release|Any CPU.ActiveCfg = Release|Any CPU
		{1B3145BD-6DD9-401A-AB9D-B7AD359ABA18}.Release|Any CPU.Build.0 = Release|Any CPU
		{5F337549-3910-4BC6-B989-023720FE7993}.Debug|Any CPU.ActiveCfg = Debug|Any CPU
		{5F337549-3910-4BC6-B989-023720FE7993}.Debug|Any CPU.Build.0 = Debug|Any CPU
		{5F337549-3910-4BC6-B989-023720FE7993}.Release|Any CPU.ActiveCfg = Release|Any CPU
		{5F337549-3910-4BC6-B989-023720FE7993}.Release|Any CPU.Build.0 = Release|Any CPU
		{3C0351DC-74F1-40C6-995E-D08B19AAD683}.Debug|Any CPU.ActiveCfg = Debug|Any CPU
		{3C0351DC-74F1-40C6-995E-D08B19AAD683}.Debug|Any CPU.Build.0 = Debug|Any CPU
		{3C0351DC-74F1-40C6-995E-D08B19AAD683}.Release|Any CPU.ActiveCfg = Release|Any CPU
		{3C0351DC-74F1-40C6-995E-D08B19AAD683}.Release|Any CPU.Build.0 = Release|Any CPU
		{C310C70D-A749-45C6-962A-02599CFD5DEE}.Debug|Any CPU.ActiveCfg = Debug|Any CPU
		{C310C70D-A749-45C6-962A-02599CFD5DEE}.Debug|Any CPU.Build.0 = Debug|Any CPU
		{C310C70D-A749-45C6-962A-02599CFD5DEE}.Release|Any CPU.ActiveCfg = Release|Any CPU
		{C310C70D-A749-45C6-962A-02599CFD5DEE}.Release|Any CPU.Build.0 = Release|Any CPU
		{5531FC94-5728-44D2-9487-9CECE0D9F59B}.Debug|Any CPU.ActiveCfg = Debug|Any CPU
		{5531FC94-5728-44D2-9487-9CECE0D9F59B}.Debug|Any CPU.Build.0 = Debug|Any CPU
		{5531FC94-5728-44D2-9487-9CECE0D9F59B}.Release|Any CPU.ActiveCfg = Release|Any CPU
		{5531FC94-5728-44D2-9487-9CECE0D9F59B}.Release|Any CPU.Build.0 = Release|Any CPU
		{BE37E54A-B43A-4601-BB52-E1EBDAA640BA}.Debug|Any CPU.ActiveCfg = Debug|Any CPU
		{BE37E54A-B43A-4601-BB52-E1EBDAA640BA}.Debug|Any CPU.Build.0 = Debug|Any CPU
		{BE37E54A-B43A-4601-BB52-E1EBDAA640BA}.Release|Any CPU.ActiveCfg = Release|Any CPU
		{BE37E54A-B43A-4601-BB52-E1EBDAA640BA}.Release|Any CPU.Build.0 = Release|Any CPU
		{D163ECC3-AB87-490F-8F7F-8B955C0051AC}.Debug|Any CPU.ActiveCfg = Debug|Any CPU
		{D163ECC3-AB87-490F-8F7F-8B955C0051AC}.Debug|Any CPU.Build.0 = Debug|Any CPU
		{D163ECC3-AB87-490F-8F7F-8B955C0051AC}.Release|Any CPU.ActiveCfg = Release|Any CPU
		{D163ECC3-AB87-490F-8F7F-8B955C0051AC}.Release|Any CPU.Build.0 = Release|Any CPU
		{E1A6A853-775C-4E94-A295-2A1912FF23C9}.Debug|Any CPU.ActiveCfg = Debug|Any CPU
		{E1A6A853-775C-4E94-A295-2A1912FF23C9}.Debug|Any CPU.Build.0 = Debug|Any CPU
		{E1A6A853-775C-4E94-A295-2A1912FF23C9}.Release|Any CPU.ActiveCfg = Release|Any CPU
		{E1A6A853-775C-4E94-A295-2A1912FF23C9}.Release|Any CPU.Build.0 = Release|Any CPU
		{30966A0D-4AE9-4EC3-B0A5-0B51ABB05324}.Debug|Any CPU.ActiveCfg = Debug|Any CPU
		{30966A0D-4AE9-4EC3-B0A5-0B51ABB05324}.Debug|Any CPU.Build.0 = Debug|Any CPU
		{30966A0D-4AE9-4EC3-B0A5-0B51ABB05324}.Release|Any CPU.ActiveCfg = Release|Any CPU
		{30966A0D-4AE9-4EC3-B0A5-0B51ABB05324}.Release|Any CPU.Build.0 = Release|Any CPU
		{F9660C37-8799-47DD-B268-259866098EC2}.Debug|Any CPU.ActiveCfg = Debug|Any CPU
		{F9660C37-8799-47DD-B268-259866098EC2}.Debug|Any CPU.Build.0 = Debug|Any CPU
		{F9660C37-8799-47DD-B268-259866098EC2}.Release|Any CPU.ActiveCfg = Release|Any CPU
		{F9660C37-8799-47DD-B268-259866098EC2}.Release|Any CPU.Build.0 = Release|Any CPU
	EndGlobalSection
	GlobalSection(SolutionProperties) = preSolution
		HideSolutionNode = FALSE
	EndGlobalSection
	GlobalSection(NestedProjects) = preSolution
		{25DBC1C5-CC4D-44F1-B69B-AEA89DD77CEB} = {0CEB9448-6DA7-4CF1-BA4C-D0BB9414E0D7}
		{1B3145BD-6DD9-401A-AB9D-B7AD359ABA18} = {25DBC1C5-CC4D-44F1-B69B-AEA89DD77CEB}
		{5F337549-3910-4BC6-B989-023720FE7993} = {25DBC1C5-CC4D-44F1-B69B-AEA89DD77CEB}
		{3C0351DC-74F1-40C6-995E-D08B19AAD683} = {25DBC1C5-CC4D-44F1-B69B-AEA89DD77CEB}
		{C310C70D-A749-45C6-962A-02599CFD5DEE} = {25DBC1C5-CC4D-44F1-B69B-AEA89DD77CEB}
		{5531FC94-5728-44D2-9487-9CECE0D9F59B} = {69C6F81C-9366-49CF-8B35-34FA14FCC095}
		{BE37E54A-B43A-4601-BB52-E1EBDAA640BA} = {BC34705D-B604-45A7-8FEC-B9A483F6255F}
		{A2BF3C74-6712-41BF-8D86-AD45E4CBECA4} = {0CEB9448-6DA7-4CF1-BA4C-D0BB9414E0D7}
		{D3E157B0-0B56-4CF9-A085-A0B67E9E25A5} = {0CEB9448-6DA7-4CF1-BA4C-D0BB9414E0D7}
		{DB1C2797-9798-46A4-A9ED-C66FC4C3F546} = {0CEB9448-6DA7-4CF1-BA4C-D0BB9414E0D7}
		{9E47FC40-C1F6-41B3-9B1F-504EA71E94EC} = {0CEB9448-6DA7-4CF1-BA4C-D0BB9414E0D7}
		{44693CC7-EA49-48B7-86EF-E70643A3CB18} = {0CEB9448-6DA7-4CF1-BA4C-D0BB9414E0D7}
		{D163ECC3-AB87-490F-8F7F-8B955C0051AC} = {A2BF3C74-6712-41BF-8D86-AD45E4CBECA4}
		{E1A6A853-775C-4E94-A295-2A1912FF23C9} = {A2BF3C74-6712-41BF-8D86-AD45E4CBECA4}
		{30966A0D-4AE9-4EC3-B0A5-0B51ABB05324} = {A2BF3C74-6712-41BF-8D86-AD45E4CBECA4}
		{F9660C37-8799-47DD-B268-259866098EC2} = {A2BF3C74-6712-41BF-8D86-AD45E4CBECA4}
	EndGlobalSection
	GlobalSection(ExtensibilityGlobals) = postSolution
		SolutionGuid = {2CDE77E8-C8E5-4903-B304-B7AABD71030F}
	EndGlobalSection
EndGlobal
