
Microsoft Visual Studio Solution File, Format Version 12.00
# Visual Studio Version 16
VisualStudioVersion = 16.0.30011.22
MinimumVisualStudioVersion = 10.0.40219.1
Project("{2150E333-8FDC-42A3-9474-1A3956D46DE8}") = "Services", "Services", "{0CEB9448-6DA7-4CF1-BA4C-D0BB9414E0D7}"
EndProject
Project("{2150E333-8FDC-42A3-9474-1A3956D46DE8}") = "IdentityService", "IdentityService", "{25DBC1C5-CC4D-44F1-B69B-AEA89DD77CEB}"
EndProject
Project("{9A19103F-16F7-4668-BE54-9A1E7A4F7556}") = "IdentityService.API", "Services\IdentityService\IdentityService.API\IdentityService.API.csproj", "{1B3145BD-6DD9-401A-AB9D-B7AD359ABA18}"
EndProject
Project("{9A19103F-16F7-4668-BE54-9A1E7A4F7556}") = "IdentityService.Business", "Services\IdentityService\IdentityService.Business\IdentityService.Business.csproj", "{5F337549-3910-4BC6-B989-023720FE7993}"
EndProject
Project("{9A19103F-16F7-4668-BE54-9A1E7A4F7556}") = "IdentityService.Domain", "Services\IdentityService\IdentityService.Domain\IdentityService.Domain.csproj", "{3C0351DC-74F1-40C6-995E-D08B19AAD683}"
EndProject
Project("{9A19103F-16F7-4668-BE54-9A1E7A4F7556}") = "IdentityService.Persistence", "Services\IdentityService\IdentityService.Persistence\IdentityService.Persistence.csproj", "{C310C70D-A749-45C6-962A-02599CFD5DEE}"
EndProject
Project("{2150E333-8FDC-42A3-9474-1A3956D46DE8}") = "Libraries", "Libraries", "{69C6F81C-9366-49CF-8B35-34FA14FCC095}"
EndProject
Project("{9A19103F-16F7-4668-BE54-9A1E7A4F7556}") = "Library.Communication", "Libraries\Library.Communication\Library.Communication.csproj", "{5531FC94-5728-44D2-9487-9CECE0D9F59B}"
EndProject
Project("{2150E333-8FDC-42A3-9474-1A3956D46DE8}") = "Shared", "Shared", "{BC34705D-B604-45A7-8FEC-B9A483F6255F}"
EndProject
Project("{9A19103F-16F7-4668-BE54-9A1E7A4F7556}") = "Common", "Shared\Common\Common.csproj", "{BE37E54A-B43A-4601-BB52-E1EBDAA640BA}"
EndProject
Project("{2150E333-8FDC-42A3-9474-1A3956D46DE8}") = "ItemService", "ItemService", "{A2BF3C74-6712-41BF-8D86-AD45E4CBECA4}"
EndProject
Project("{2150E333-8FDC-42A3-9474-1A3956D46DE8}") = "MenuService", "MenuService", "{D3E157B0-0B56-4CF9-A085-A0B67E9E25A5}"
EndProject
Project("{9A19103F-16F7-4668-BE54-9A1E7A4F7556}") = "ItemService.API", "Services\ItemService\ItemService.API\ItemService.API.csproj", "{D163ECC3-AB87-490F-8F7F-8B955C0051AC}"
EndProject
Project("{9A19103F-16F7-4668-BE54-9A1E7A4F7556}") = "ItemService.Business", "Services\ItemService\ItemService.Business\ItemService.Business.csproj", "{E1A6A853-775C-4E94-A295-2A1912FF23C9}"
EndProject
Project("{9A19103F-16F7-4668-BE54-9A1E7A4F7556}") = "ItemService.Domain", "Services\ItemService\ItemService.Domain\ItemService.Domain.csproj", "{30966A0D-4AE9-4EC3-B0A5-0B51ABB05324}"
EndProject
Project("{9A19103F-16F7-4668-BE54-9A1E7A4F7556}") = "ItemService.Persistence", "Services\ItemService\ItemService.Persistence\ItemService.Persistence.csproj", "{F9660C37-8799-47DD-B268-259866098EC2}"
EndProject
Project("{2150E333-8FDC-42A3-9474-1A3956D46DE8}") = "EventBus", "EventBus", "{57E99F6F-ACCD-4EE1-AB42-DD8C6CB3EC87}"
EndProject
Project("{9A19103F-16F7-4668-BE54-9A1E7A4F7556}") = "EventBus.RabbitMQ", "Libraries\Library.EventBus\EventBus.RabbitMQ\EventBus.RabbitMQ.csproj", "{1FFA3EFF-DE35-46BC-B771-8A6E37752F84}"
EndProject
Project("{9A19103F-16F7-4668-BE54-9A1E7A4F7556}") = "EventBus.Infrastructure", "Libraries\Library.EventBus\EventBus.Infrastructure\EventBus.Infrastructure.csproj", "{98D4DE8B-E756-499C-9422-C62A051FE6A6}"
EndProject
Project("{E53339B2-1760-4266-BCC7-CA923CBCF16C}") = "docker-compose", "docker-compose.dcproj", "{FEA0C318-FFED-4D39-8781-265718CA43DD}"
EndProject
Project("{2150E333-8FDC-42A3-9474-1A3956D46DE8}") = "Solution Items", "Solution Items", "{FF9DF91E-82B8-4596-989B-A881E4EBEEA5}"
	ProjectSection(SolutionItems) = preProject
		.env = .env
	EndProjectSection
EndProject
Project("{9A19103F-16F7-4668-BE54-9A1E7A4F7556}") = "MenuService.API", "Services\MenuService\MenuService.API\MenuService.API.csproj", "{386A2316-145D-4D10-9C80-7DDFBA3B0DFE}"
EndProject
Project("{9A19103F-16F7-4668-BE54-9A1E7A4F7556}") = "MenuService.Business", "Services\MenuService\MenuService.Business\MenuService.Business.csproj", "{3E372239-42DF-4D26-97CC-93C36EAC0D8A}"
EndProject
Project("{9A19103F-16F7-4668-BE54-9A1E7A4F7556}") = "MenuService.Domain", "Services\MenuService\MenuService.Domain\MenuService.Domain.csproj", "{92D6D991-A821-465B-A549-5DDD75AA623C}"
EndProject
Project("{9A19103F-16F7-4668-BE54-9A1E7A4F7556}") = "MenuService.Persistence", "Services\MenuService\MenuService.Persistence\MenuService.Persistence.csproj", "{20EE7E70-9CD0-4DC1-BF07-B52952C3FA75}"
EndProject
Project("{9A19103F-16F7-4668-BE54-9A1E7A4F7556}") = "EventBus.Azure", "Libraries\Library.EventBus\EventBus.Azure\EventBus.Azure.csproj", "{F4AD82A6-C7DA-42E3-886E-DE434BE4F893}"
EndProject
Project("{2150E333-8FDC-42A3-9474-1A3956D46DE8}") = "DataAccess", "DataAccess", "{0AE2191A-90B2-453F-9A27-5956C8CE9F8F}"
EndProject
Project("{9A19103F-16F7-4668-BE54-9A1E7A4F7556}") = "DataAccess.Sql", "Libraries\Library.DataAccess\DataAccess.Sql\DataAccess.Sql.csproj", "{6080838F-8C1E-4080-B3F9-7B81F6509261}"
EndProject
Project("{9A19103F-16F7-4668-BE54-9A1E7A4F7556}") = "DataAccess.NoSql", "Libraries\Library.DataAccess\DataAccess.NoSql\DataAccess.NoSql.csproj", "{890920D2-9E86-4F8C-8BCE-17DAA7B82467}"
EndProject
Project("{2150E333-8FDC-42A3-9474-1A3956D46DE8}") = "Gateways", "Gateways", "{B4B6FB27-444E-4D21-9B96-5D64B0A4F5D6}"
EndProject
Project("{9A19103F-16F7-4668-BE54-9A1E7A4F7556}") = "Gateway.Web", "Gateways\Gateway.Web\Gateway.Web.csproj", "{2B8B445D-A2D7-445A-A298-5E5AC0D69922}"
EndProject
Project("{2150E333-8FDC-42A3-9474-1A3956D46DE8}") = "Tests", "Tests", "{658440CE-5D43-44BC-96D1-2F1A2E32DC09}"
EndProject
Project("{9A19103F-16F7-4668-BE54-9A1E7A4F7556}") = "Tests.MenuService.Functional", "Services\MenuService\Tests\Tests.MenuService.Functional\Tests.MenuService.Functional.csproj", "{3C75593C-E260-4824-8314-BB5F53D9F4EA}"
EndProject
Project("{2150E333-8FDC-42A3-9474-1A3956D46DE8}") = "Tests", "Tests", "{D812F6DC-5B35-480E-A660-08045A8069B5}"
EndProject
Project("{9A19103F-16F7-4668-BE54-9A1E7A4F7556}") = "Tests.ItemService.Functional", "Services\ItemService\Tests\Tests.ItemService.Functional\Tests.ItemService.Functional.csproj", "{C366DA44-C448-4102-8E69-939AA62E8005}"
EndProject
Global
	GlobalSection(SolutionConfigurationPlatforms) = preSolution
		Debug|Any CPU = Debug|Any CPU
		Release|Any CPU = Release|Any CPU
	EndGlobalSection
	GlobalSection(ProjectConfigurationPlatforms) = postSolution
		{1B3145BD-6DD9-401A-AB9D-B7AD359ABA18}.Debug|Any CPU.ActiveCfg = Debug|Any CPU
		{1B3145BD-6DD9-401A-AB9D-B7AD359ABA18}.Debug|Any CPU.Build.0 = Debug|Any CPU
		{1B3145BD-6DD9-401A-AB9D-B7AD359ABA18}.Release|Any CPU.ActiveCfg = Release|Any CPU
		{1B3145BD-6DD9-401A-AB9D-B7AD359ABA18}.Release|Any CPU.Build.0 = Release|Any CPU
		{5F337549-3910-4BC6-B989-023720FE7993}.Debug|Any CPU.ActiveCfg = Debug|Any CPU
		{5F337549-3910-4BC6-B989-023720FE7993}.Debug|Any CPU.Build.0 = Debug|Any CPU
		{5F337549-3910-4BC6-B989-023720FE7993}.Release|Any CPU.ActiveCfg = Release|Any CPU
		{5F337549-3910-4BC6-B989-023720FE7993}.Release|Any CPU.Build.0 = Release|Any CPU
		{3C0351DC-74F1-40C6-995E-D08B19AAD683}.Debug|Any CPU.ActiveCfg = Debug|Any CPU
		{3C0351DC-74F1-40C6-995E-D08B19AAD683}.Debug|Any CPU.Build.0 = Debug|Any CPU
		{3C0351DC-74F1-40C6-995E-D08B19AAD683}.Release|Any CPU.ActiveCfg = Release|Any CPU
		{3C0351DC-74F1-40C6-995E-D08B19AAD683}.Release|Any CPU.Build.0 = Release|Any CPU
		{C310C70D-A749-45C6-962A-02599CFD5DEE}.Debug|Any CPU.ActiveCfg = Debug|Any CPU
		{C310C70D-A749-45C6-962A-02599CFD5DEE}.Debug|Any CPU.Build.0 = Debug|Any CPU
		{C310C70D-A749-45C6-962A-02599CFD5DEE}.Release|Any CPU.ActiveCfg = Release|Any CPU
		{C310C70D-A749-45C6-962A-02599CFD5DEE}.Release|Any CPU.Build.0 = Release|Any CPU
		{5531FC94-5728-44D2-9487-9CECE0D9F59B}.Debug|Any CPU.ActiveCfg = Debug|Any CPU
		{5531FC94-5728-44D2-9487-9CECE0D9F59B}.Debug|Any CPU.Build.0 = Debug|Any CPU
		{5531FC94-5728-44D2-9487-9CECE0D9F59B}.Release|Any CPU.ActiveCfg = Release|Any CPU
		{5531FC94-5728-44D2-9487-9CECE0D9F59B}.Release|Any CPU.Build.0 = Release|Any CPU
		{BE37E54A-B43A-4601-BB52-E1EBDAA640BA}.Debug|Any CPU.ActiveCfg = Debug|Any CPU
		{BE37E54A-B43A-4601-BB52-E1EBDAA640BA}.Debug|Any CPU.Build.0 = Debug|Any CPU
		{BE37E54A-B43A-4601-BB52-E1EBDAA640BA}.Release|Any CPU.ActiveCfg = Release|Any CPU
		{BE37E54A-B43A-4601-BB52-E1EBDAA640BA}.Release|Any CPU.Build.0 = Release|Any CPU
		{D163ECC3-AB87-490F-8F7F-8B955C0051AC}.Debug|Any CPU.ActiveCfg = Debug|Any CPU
		{D163ECC3-AB87-490F-8F7F-8B955C0051AC}.Debug|Any CPU.Build.0 = Debug|Any CPU
		{D163ECC3-AB87-490F-8F7F-8B955C0051AC}.Release|Any CPU.ActiveCfg = Release|Any CPU
		{D163ECC3-AB87-490F-8F7F-8B955C0051AC}.Release|Any CPU.Build.0 = Release|Any CPU
		{E1A6A853-775C-4E94-A295-2A1912FF23C9}.Debug|Any CPU.ActiveCfg = Debug|Any CPU
		{E1A6A853-775C-4E94-A295-2A1912FF23C9}.Debug|Any CPU.Build.0 = Debug|Any CPU
		{E1A6A853-775C-4E94-A295-2A1912FF23C9}.Release|Any CPU.ActiveCfg = Release|Any CPU
		{E1A6A853-775C-4E94-A295-2A1912FF23C9}.Release|Any CPU.Build.0 = Release|Any CPU
		{30966A0D-4AE9-4EC3-B0A5-0B51ABB05324}.Debug|Any CPU.ActiveCfg = Debug|Any CPU
		{30966A0D-4AE9-4EC3-B0A5-0B51ABB05324}.Debug|Any CPU.Build.0 = Debug|Any CPU
		{30966A0D-4AE9-4EC3-B0A5-0B51ABB05324}.Release|Any CPU.ActiveCfg = Release|Any CPU
		{30966A0D-4AE9-4EC3-B0A5-0B51ABB05324}.Release|Any CPU.Build.0 = Release|Any CPU
		{F9660C37-8799-47DD-B268-259866098EC2}.Debug|Any CPU.ActiveCfg = Debug|Any CPU
		{F9660C37-8799-47DD-B268-259866098EC2}.Debug|Any CPU.Build.0 = Debug|Any CPU
		{F9660C37-8799-47DD-B268-259866098EC2}.Release|Any CPU.ActiveCfg = Release|Any CPU
		{F9660C37-8799-47DD-B268-259866098EC2}.Release|Any CPU.Build.0 = Release|Any CPU
		{1FFA3EFF-DE35-46BC-B771-8A6E37752F84}.Debug|Any CPU.ActiveCfg = Debug|Any CPU
		{1FFA3EFF-DE35-46BC-B771-8A6E37752F84}.Debug|Any CPU.Build.0 = Debug|Any CPU
		{1FFA3EFF-DE35-46BC-B771-8A6E37752F84}.Release|Any CPU.ActiveCfg = Release|Any CPU
		{1FFA3EFF-DE35-46BC-B771-8A6E37752F84}.Release|Any CPU.Build.0 = Release|Any CPU
		{98D4DE8B-E756-499C-9422-C62A051FE6A6}.Debug|Any CPU.ActiveCfg = Debug|Any CPU
		{98D4DE8B-E756-499C-9422-C62A051FE6A6}.Debug|Any CPU.Build.0 = Debug|Any CPU
		{98D4DE8B-E756-499C-9422-C62A051FE6A6}.Release|Any CPU.ActiveCfg = Release|Any CPU
		{98D4DE8B-E756-499C-9422-C62A051FE6A6}.Release|Any CPU.Build.0 = Release|Any CPU
		{FEA0C318-FFED-4D39-8781-265718CA43DD}.Debug|Any CPU.ActiveCfg = Debug|Any CPU
		{FEA0C318-FFED-4D39-8781-265718CA43DD}.Debug|Any CPU.Build.0 = Debug|Any CPU
		{FEA0C318-FFED-4D39-8781-265718CA43DD}.Release|Any CPU.ActiveCfg = Release|Any CPU
		{FEA0C318-FFED-4D39-8781-265718CA43DD}.Release|Any CPU.Build.0 = Release|Any CPU
		{386A2316-145D-4D10-9C80-7DDFBA3B0DFE}.Debug|Any CPU.ActiveCfg = Debug|Any CPU
		{386A2316-145D-4D10-9C80-7DDFBA3B0DFE}.Debug|Any CPU.Build.0 = Debug|Any CPU
		{386A2316-145D-4D10-9C80-7DDFBA3B0DFE}.Release|Any CPU.ActiveCfg = Release|Any CPU
		{386A2316-145D-4D10-9C80-7DDFBA3B0DFE}.Release|Any CPU.Build.0 = Release|Any CPU
		{3E372239-42DF-4D26-97CC-93C36EAC0D8A}.Debug|Any CPU.ActiveCfg = Debug|Any CPU
		{3E372239-42DF-4D26-97CC-93C36EAC0D8A}.Debug|Any CPU.Build.0 = Debug|Any CPU
		{3E372239-42DF-4D26-97CC-93C36EAC0D8A}.Release|Any CPU.ActiveCfg = Release|Any CPU
		{3E372239-42DF-4D26-97CC-93C36EAC0D8A}.Release|Any CPU.Build.0 = Release|Any CPU
		{92D6D991-A821-465B-A549-5DDD75AA623C}.Debug|Any CPU.ActiveCfg = Debug|Any CPU
		{92D6D991-A821-465B-A549-5DDD75AA623C}.Debug|Any CPU.Build.0 = Debug|Any CPU
		{92D6D991-A821-465B-A549-5DDD75AA623C}.Release|Any CPU.ActiveCfg = Release|Any CPU
		{92D6D991-A821-465B-A549-5DDD75AA623C}.Release|Any CPU.Build.0 = Release|Any CPU
		{20EE7E70-9CD0-4DC1-BF07-B52952C3FA75}.Debug|Any CPU.ActiveCfg = Debug|Any CPU
		{20EE7E70-9CD0-4DC1-BF07-B52952C3FA75}.Debug|Any CPU.Build.0 = Debug|Any CPU
		{20EE7E70-9CD0-4DC1-BF07-B52952C3FA75}.Release|Any CPU.ActiveCfg = Release|Any CPU
		{20EE7E70-9CD0-4DC1-BF07-B52952C3FA75}.Release|Any CPU.Build.0 = Release|Any CPU
		{F4AD82A6-C7DA-42E3-886E-DE434BE4F893}.Debug|Any CPU.ActiveCfg = Debug|Any CPU
		{F4AD82A6-C7DA-42E3-886E-DE434BE4F893}.Debug|Any CPU.Build.0 = Debug|Any CPU
		{F4AD82A6-C7DA-42E3-886E-DE434BE4F893}.Release|Any CPU.ActiveCfg = Release|Any CPU
		{F4AD82A6-C7DA-42E3-886E-DE434BE4F893}.Release|Any CPU.Build.0 = Release|Any CPU
		{6080838F-8C1E-4080-B3F9-7B81F6509261}.Debug|Any CPU.ActiveCfg = Debug|Any CPU
		{6080838F-8C1E-4080-B3F9-7B81F6509261}.Debug|Any CPU.Build.0 = Debug|Any CPU
		{6080838F-8C1E-4080-B3F9-7B81F6509261}.Release|Any CPU.ActiveCfg = Release|Any CPU
		{6080838F-8C1E-4080-B3F9-7B81F6509261}.Release|Any CPU.Build.0 = Release|Any CPU
		{890920D2-9E86-4F8C-8BCE-17DAA7B82467}.Debug|Any CPU.ActiveCfg = Debug|Any CPU
		{890920D2-9E86-4F8C-8BCE-17DAA7B82467}.Debug|Any CPU.Build.0 = Debug|Any CPU
		{890920D2-9E86-4F8C-8BCE-17DAA7B82467}.Release|Any CPU.ActiveCfg = Release|Any CPU
		{890920D2-9E86-4F8C-8BCE-17DAA7B82467}.Release|Any CPU.Build.0 = Release|Any CPU
		{2B8B445D-A2D7-445A-A298-5E5AC0D69922}.Debug|Any CPU.ActiveCfg = Debug|Any CPU
		{2B8B445D-A2D7-445A-A298-5E5AC0D69922}.Debug|Any CPU.Build.0 = Debug|Any CPU
		{2B8B445D-A2D7-445A-A298-5E5AC0D69922}.Release|Any CPU.ActiveCfg = Release|Any CPU
		{2B8B445D-A2D7-445A-A298-5E5AC0D69922}.Release|Any CPU.Build.0 = Release|Any CPU
		{3C75593C-E260-4824-8314-BB5F53D9F4EA}.Debug|Any CPU.ActiveCfg = Debug|Any CPU
		{3C75593C-E260-4824-8314-BB5F53D9F4EA}.Debug|Any CPU.Build.0 = Debug|Any CPU
		{3C75593C-E260-4824-8314-BB5F53D9F4EA}.Release|Any CPU.ActiveCfg = Release|Any CPU
		{3C75593C-E260-4824-8314-BB5F53D9F4EA}.Release|Any CPU.Build.0 = Release|Any CPU
		{C366DA44-C448-4102-8E69-939AA62E8005}.Debug|Any CPU.ActiveCfg = Debug|Any CPU
		{C366DA44-C448-4102-8E69-939AA62E8005}.Debug|Any CPU.Build.0 = Debug|Any CPU
		{C366DA44-C448-4102-8E69-939AA62E8005}.Release|Any CPU.ActiveCfg = Release|Any CPU
		{C366DA44-C448-4102-8E69-939AA62E8005}.Release|Any CPU.Build.0 = Release|Any CPU
	EndGlobalSection
	GlobalSection(SolutionProperties) = preSolution
		HideSolutionNode = FALSE
	EndGlobalSection
	GlobalSection(NestedProjects) = preSolution
		{25DBC1C5-CC4D-44F1-B69B-AEA89DD77CEB} = {0CEB9448-6DA7-4CF1-BA4C-D0BB9414E0D7}
		{1B3145BD-6DD9-401A-AB9D-B7AD359ABA18} = {25DBC1C5-CC4D-44F1-B69B-AEA89DD77CEB}
		{5F337549-3910-4BC6-B989-023720FE7993} = {25DBC1C5-CC4D-44F1-B69B-AEA89DD77CEB}
		{3C0351DC-74F1-40C6-995E-D08B19AAD683} = {25DBC1C5-CC4D-44F1-B69B-AEA89DD77CEB}
		{C310C70D-A749-45C6-962A-02599CFD5DEE} = {25DBC1C5-CC4D-44F1-B69B-AEA89DD77CEB}
		{5531FC94-5728-44D2-9487-9CECE0D9F59B} = {69C6F81C-9366-49CF-8B35-34FA14FCC095}
		{BE37E54A-B43A-4601-BB52-E1EBDAA640BA} = {BC34705D-B604-45A7-8FEC-B9A483F6255F}
		{A2BF3C74-6712-41BF-8D86-AD45E4CBECA4} = {0CEB9448-6DA7-4CF1-BA4C-D0BB9414E0D7}
		{D3E157B0-0B56-4CF9-A085-A0B67E9E25A5} = {0CEB9448-6DA7-4CF1-BA4C-D0BB9414E0D7}
		{D163ECC3-AB87-490F-8F7F-8B955C0051AC} = {A2BF3C74-6712-41BF-8D86-AD45E4CBECA4}
		{E1A6A853-775C-4E94-A295-2A1912FF23C9} = {A2BF3C74-6712-41BF-8D86-AD45E4CBECA4}
		{30966A0D-4AE9-4EC3-B0A5-0B51ABB05324} = {A2BF3C74-6712-41BF-8D86-AD45E4CBECA4}
		{F9660C37-8799-47DD-B268-259866098EC2} = {A2BF3C74-6712-41BF-8D86-AD45E4CBECA4}
		{57E99F6F-ACCD-4EE1-AB42-DD8C6CB3EC87} = {69C6F81C-9366-49CF-8B35-34FA14FCC095}
		{1FFA3EFF-DE35-46BC-B771-8A6E37752F84} = {57E99F6F-ACCD-4EE1-AB42-DD8C6CB3EC87}
		{98D4DE8B-E756-499C-9422-C62A051FE6A6} = {57E99F6F-ACCD-4EE1-AB42-DD8C6CB3EC87}
		{386A2316-145D-4D10-9C80-7DDFBA3B0DFE} = {D3E157B0-0B56-4CF9-A085-A0B67E9E25A5}
		{3E372239-42DF-4D26-97CC-93C36EAC0D8A} = {D3E157B0-0B56-4CF9-A085-A0B67E9E25A5}
		{92D6D991-A821-465B-A549-5DDD75AA623C} = {D3E157B0-0B56-4CF9-A085-A0B67E9E25A5}
		{20EE7E70-9CD0-4DC1-BF07-B52952C3FA75} = {D3E157B0-0B56-4CF9-A085-A0B67E9E25A5}
		{F4AD82A6-C7DA-42E3-886E-DE434BE4F893} = {57E99F6F-ACCD-4EE1-AB42-DD8C6CB3EC87}
		{0AE2191A-90B2-453F-9A27-5956C8CE9F8F} = {69C6F81C-9366-49CF-8B35-34FA14FCC095}
		{6080838F-8C1E-4080-B3F9-7B81F6509261} = {0AE2191A-90B2-453F-9A27-5956C8CE9F8F}
		{890920D2-9E86-4F8C-8BCE-17DAA7B82467} = {0AE2191A-90B2-453F-9A27-5956C8CE9F8F}
		{2B8B445D-A2D7-445A-A298-5E5AC0D69922} = {B4B6FB27-444E-4D21-9B96-5D64B0A4F5D6}
		{658440CE-5D43-44BC-96D1-2F1A2E32DC09} = {D3E157B0-0B56-4CF9-A085-A0B67E9E25A5}
		{3C75593C-E260-4824-8314-BB5F53D9F4EA} = {658440CE-5D43-44BC-96D1-2F1A2E32DC09}
		{D812F6DC-5B35-480E-A660-08045A8069B5} = {A2BF3C74-6712-41BF-8D86-AD45E4CBECA4}
		{C366DA44-C448-4102-8E69-939AA62E8005} = {D812F6DC-5B35-480E-A660-08045A8069B5}
	EndGlobalSection
	GlobalSection(ExtensibilityGlobals) = postSolution
		SolutionGuid = {2CDE77E8-C8E5-4903-B304-B7AABD71030F}
	EndGlobalSection
EndGlobal
